
Microsoft Visual Studio Solution File, Format Version 12.00
# Visual Studio 2013
VisualStudioVersion = 12.0.40629.0
MinimumVisualStudioVersion = 10.0.40219.1
Project("{2150E333-8FDC-42A3-9474-1A3956D46DE8}") = "src", "src", "{1C536421-94F7-490E-810D-734ECFBF8D8A}"
EndProject
Project("{2150E333-8FDC-42A3-9474-1A3956D46DE8}") = "tests", "tests", "{E81023D4-9D6F-43A3-88BF-76C6FD287A07}"
EndProject
Project("{2150E333-8FDC-42A3-9474-1A3956D46DE8}") = "Platforms", "Platforms", "{EE3A9F6E-7E6B-4110-ACC4-7838A0B2F3F0}"
EndProject
Project("{FAE04EC0-301F-11D3-BF4B-00C04F79EFBC}") = "Seal.Core", "Seal.Core\Seal.Core.csproj", "{B3B4F1FF-8E94-46FE-AE39-9DC96DF6BFCC}"
EndProject
Project("{FAE04EC0-301F-11D3-BF4B-00C04F79EFBC}") = "Seal.Platform.GDI", "Seal.Platform.GDI\Seal.Platform.GDI.csproj", "{6F1FA100-55BF-41E2-BDBF-DA1A7EFFE2A1}"
EndProject
Project("{2150E333-8FDC-42A3-9474-1A3956D46DE8}") = "Windows", "Windows", "{F69DC6AA-8D9A-4C92-AE21-9296D6A9225A}"
EndProject
Project("{2150E333-8FDC-42A3-9474-1A3956D46DE8}") = "Linux", "Linux", "{91EBED15-7517-41D9-A305-708CED18CA8E}"
EndProject
Project("{FAE04EC0-301F-11D3-BF4B-00C04F79EFBC}") = "Seal.Platform.Cairo", "Seal.Platform.Cairo\Seal.Platform.Cairo.csproj", "{426C7D53-C6A9-452F-9DFB-92F8D14E3831}"
EndProject
Project("{FAE04EC0-301F-11D3-BF4B-00C04F79EFBC}") = "Seal.Platform.Direct2D", "Seal.Platform.Direct2D\Seal.Platform.Direct2D.csproj", "{F9D6167E-B5A5-4C36-AB3F-2BEDBB13020A}"
EndProject
Project("{FAE04EC0-301F-11D3-BF4B-00C04F79EFBC}") = "TestApp", "TestApp\TestApp\TestApp.csproj", "{86D19B38-2B19-4055-969D-55B12BDB202A}"
EndProject
Global
	GlobalSection(SolutionConfigurationPlatforms) = preSolution
		Debug|Any CPU = Debug|Any CPU
		Release|Any CPU = Release|Any CPU
	EndGlobalSection
	GlobalSection(ProjectConfigurationPlatforms) = postSolution
		{B3B4F1FF-8E94-46FE-AE39-9DC96DF6BFCC}.Debug|Any CPU.ActiveCfg = Debug|Any CPU
		{B3B4F1FF-8E94-46FE-AE39-9DC96DF6BFCC}.Debug|Any CPU.Build.0 = Debug|Any CPU
		{B3B4F1FF-8E94-46FE-AE39-9DC96DF6BFCC}.Release|Any CPU.ActiveCfg = Release|Any CPU
		{B3B4F1FF-8E94-46FE-AE39-9DC96DF6BFCC}.Release|Any CPU.Build.0 = Release|Any CPU
		{6F1FA100-55BF-41E2-BDBF-DA1A7EFFE2A1}.Debug|Any CPU.ActiveCfg = Debug|Any CPU
		{6F1FA100-55BF-41E2-BDBF-DA1A7EFFE2A1}.Debug|Any CPU.Build.0 = Debug|Any CPU
		{6F1FA100-55BF-41E2-BDBF-DA1A7EFFE2A1}.Release|Any CPU.ActiveCfg = Release|Any CPU
		{6F1FA100-55BF-41E2-BDBF-DA1A7EFFE2A1}.Release|Any CPU.Build.0 = Release|Any CPU
		{426C7D53-C6A9-452F-9DFB-92F8D14E3831}.Debug|Any CPU.ActiveCfg = Debug|Any CPU
		{426C7D53-C6A9-452F-9DFB-92F8D14E3831}.Debug|Any CPU.Build.0 = Debug|Any CPU
		{426C7D53-C6A9-452F-9DFB-92F8D14E3831}.Release|Any CPU.ActiveCfg = Release|Any CPU
		{426C7D53-C6A9-452F-9DFB-92F8D14E3831}.Release|Any CPU.Build.0 = Release|Any CPU
		{F9D6167E-B5A5-4C36-AB3F-2BEDBB13020A}.Debug|Any CPU.ActiveCfg = Debug|Any CPU
		{F9D6167E-B5A5-4C36-AB3F-2BEDBB13020A}.Debug|Any CPU.Build.0 = Debug|Any CPU
		{F9D6167E-B5A5-4C36-AB3F-2BEDBB13020A}.Release|Any CPU.ActiveCfg = Release|Any CPU
		{F9D6167E-B5A5-4C36-AB3F-2BEDBB13020A}.Release|Any CPU.Build.0 = Release|Any CPU
		{86D19B38-2B19-4055-969D-55B12BDB202A}.Debug|Any CPU.ActiveCfg = Debug|Any CPU
		{86D19B38-2B19-4055-969D-55B12BDB202A}.Debug|Any CPU.Build.0 = Debug|Any CPU
		{86D19B38-2B19-4055-969D-55B12BDB202A}.Release|Any CPU.ActiveCfg = Release|Any CPU
		{86D19B38-2B19-4055-969D-55B12BDB202A}.Release|Any CPU.Build.0 = Release|Any CPU
	EndGlobalSection
	GlobalSection(SolutionProperties) = preSolution
		HideSolutionNode = FALSE
	EndGlobalSection
	GlobalSection(NestedProjects) = preSolution
		{EE3A9F6E-7E6B-4110-ACC4-7838A0B2F3F0} = {1C536421-94F7-490E-810D-734ECFBF8D8A}
		{B3B4F1FF-8E94-46FE-AE39-9DC96DF6BFCC} = {1C536421-94F7-490E-810D-734ECFBF8D8A}
		{6F1FA100-55BF-41E2-BDBF-DA1A7EFFE2A1} = {F69DC6AA-8D9A-4C92-AE21-9296D6A9225A}
		{F69DC6AA-8D9A-4C92-AE21-9296D6A9225A} = {EE3A9F6E-7E6B-4110-ACC4-7838A0B2F3F0}
		{91EBED15-7517-41D9-A305-708CED18CA8E} = {EE3A9F6E-7E6B-4110-ACC4-7838A0B2F3F0}
		{426C7D53-C6A9-452F-9DFB-92F8D14E3831} = {91EBED15-7517-41D9-A305-708CED18CA8E}
		{F9D6167E-B5A5-4C36-AB3F-2BEDBB13020A} = {F69DC6AA-8D9A-4C92-AE21-9296D6A9225A}
		{86D19B38-2B19-4055-969D-55B12BDB202A} = {E81023D4-9D6F-43A3-88BF-76C6FD287A07}
	EndGlobalSection
EndGlobal
