
Microsoft Visual Studio Solution File, Format Version 11.00
# Visual Studio 2010
Project("{FAE04EC0-301F-11D3-BF4B-00C04F79EFBC}") = "Seal.Platform.Cairo", "Seal.Platform.Cairo.csproj", "{426C7D53-C6A9-452F-9DFB-92F8D14E3831}"
EndProject
Global
	GlobalSection(SolutionConfigurationPlatforms) = preSolution
		Debug|Any CPU = Debug|Any CPU
		Release|Any CPU = Release|Any CPU
	EndGlobalSection
	GlobalSection(ProjectConfigurationPlatforms) = postSolution
		{426C7D53-C6A9-452F-9DFB-92F8D14E3831}.Debug|Any CPU.ActiveCfg = Debug|Any CPU
		{426C7D53-C6A9-452F-9DFB-92F8D14E3831}.Debug|Any CPU.Build.0 = Debug|Any CPU
		{426C7D53-C6A9-452F-9DFB-92F8D14E3831}.Release|Any CPU.ActiveCfg = Release|Any CPU
		{426C7D53-C6A9-452F-9DFB-92F8D14E3831}.Release|Any CPU.Build.0 = Release|Any CPU
	EndGlobalSection
	GlobalSection(MonoDevelopProperties) = preSolution
		StartupItem = Seal.Platform.Cairo.csproj
	EndGlobalSection
EndGlobal
